// !$*UTF8*$!
{
	archiveVersion = 1;
	classes = {
	};
	objectVersion = 46;
	objects = {

/* Begin PBXBuildFile section */
		17393E981E893590006DDAF9 /* AppDelegate.swift in Sources */ = {isa = PBXBuildFile; fileRef = 17393E971E893590006DDAF9 /* AppDelegate.swift */; };
		17393E9F1E893590006DDAF9 /* Assets.xcassets in Resources */ = {isa = PBXBuildFile; fileRef = 17393E9E1E893590006DDAF9 /* Assets.xcassets */; };
		17393EA21E893590006DDAF9 /* LaunchScreen.storyboard in Resources */ = {isa = PBXBuildFile; fileRef = 17393EA01E893590006DDAF9 /* LaunchScreen.storyboard */; };
		17393EAA1E893C3A006DDAF9 /* GoogleService-Info.plist in Resources */ = {isa = PBXBuildFile; fileRef = 17393EA91E893C3A006DDAF9 /* GoogleService-Info.plist */; };
		17393EAC1E8941DF006DDAF9 /* SigninViewController.swift in Sources */ = {isa = PBXBuildFile; fileRef = 17393EAB1E8941DF006DDAF9 /* SigninViewController.swift */; };
		17393EB01E895496006DDAF9 /* MainViewController.swift in Sources */ = {isa = PBXBuildFile; fileRef = 17393EAF1E895496006DDAF9 /* MainViewController.swift */; };
		17393EB21E8D2417006DDAF9 /* TakePhotoViewController.swift in Sources */ = {isa = PBXBuildFile; fileRef = 17393EB11E8D2416006DDAF9 /* TakePhotoViewController.swift */; };
		17393EB41E910854006DDAF9 /* DoneCaptureViewController.swift in Sources */ = {isa = PBXBuildFile; fileRef = 17393EB31E910854006DDAF9 /* DoneCaptureViewController.swift */; };
		17393EB71E9120A1006DDAF9 /* Main.storyboard in Resources */ = {isa = PBXBuildFile; fileRef = 17393EB51E9120A1006DDAF9 /* Main.storyboard */; };
		17C2E2601E93927700764337 /* Post.swift in Sources */ = {isa = PBXBuildFile; fileRef = 17C2E25F1E93927700764337 /* Post.swift */; };
		17C2E2621E93B18800764337 /* Comment.swift in Sources */ = {isa = PBXBuildFile; fileRef = 17C2E2611E93B18800764337 /* Comment.swift */; };
		17C2E2641E93B34700764337 /* CommentTableViewController.swift in Sources */ = {isa = PBXBuildFile; fileRef = 17C2E2631E93B34700764337 /* CommentTableViewController.swift */; };
		50C7089B1E8CB1E900FF2D94 /* SignUpViewController.swift in Sources */ = {isa = PBXBuildFile; fileRef = 50C7089A1E8CB1E900FF2D94 /* SignUpViewController.swift */; };
		B5A117C67C6EAED657F12BE5 /* Pods_instogram.framework in Frameworks */ = {isa = PBXBuildFile; fileRef = BA574B33F7DED4743A08D5E5 /* Pods_instogram.framework */; };
/* End PBXBuildFile section */

/* Begin PBXFileReference section */
		17393E941E893590006DDAF9 /* instogram.app */ = {isa = PBXFileReference; explicitFileType = wrapper.application; includeInIndex = 0; path = instogram.app; sourceTree = BUILT_PRODUCTS_DIR; };
		17393E971E893590006DDAF9 /* AppDelegate.swift */ = {isa = PBXFileReference; lastKnownFileType = sourcecode.swift; path = AppDelegate.swift; sourceTree = "<group>"; };
		17393E9E1E893590006DDAF9 /* Assets.xcassets */ = {isa = PBXFileReference; lastKnownFileType = folder.assetcatalog; path = Assets.xcassets; sourceTree = "<group>"; };
		17393EA11E893590006DDAF9 /* Base */ = {isa = PBXFileReference; lastKnownFileType = file.storyboard; name = Base; path = Base.lproj/LaunchScreen.storyboard; sourceTree = "<group>"; };
		17393EA31E893590006DDAF9 /* Info.plist */ = {isa = PBXFileReference; lastKnownFileType = text.plist.xml; path = Info.plist; sourceTree = "<group>"; };
		17393EA91E893C3A006DDAF9 /* GoogleService-Info.plist */ = {isa = PBXFileReference; fileEncoding = 4; lastKnownFileType = text.plist.xml; path = "GoogleService-Info.plist"; sourceTree = "<group>"; };
		17393EAB1E8941DF006DDAF9 /* SigninViewController.swift */ = {isa = PBXFileReference; fileEncoding = 4; lastKnownFileType = sourcecode.swift; path = SigninViewController.swift; sourceTree = "<group>"; };
		17393EAD1E8944CE006DDAF9 /* AdSupport.framework */ = {isa = PBXFileReference; lastKnownFileType = wrapper.framework; name = AdSupport.framework; path = System/Library/Frameworks/AdSupport.framework; sourceTree = SDKROOT; };
		17393EAF1E895496006DDAF9 /* MainViewController.swift */ = {isa = PBXFileReference; fileEncoding = 4; lastKnownFileType = sourcecode.swift; path = MainViewController.swift; sourceTree = "<group>"; };
		17393EB11E8D2416006DDAF9 /* TakePhotoViewController.swift */ = {isa = PBXFileReference; fileEncoding = 4; lastKnownFileType = sourcecode.swift; path = TakePhotoViewController.swift; sourceTree = "<group>"; };
		17393EB31E910854006DDAF9 /* DoneCaptureViewController.swift */ = {isa = PBXFileReference; fileEncoding = 4; lastKnownFileType = sourcecode.swift; path = DoneCaptureViewController.swift; sourceTree = "<group>"; };
		17393EB61E9120A1006DDAF9 /* Base */ = {isa = PBXFileReference; lastKnownFileType = file.storyboard; name = Base; path = Base.lproj/Main.storyboard; sourceTree = "<group>"; };
		17C2E25F1E93927700764337 /* Post.swift */ = {isa = PBXFileReference; fileEncoding = 4; lastKnownFileType = sourcecode.swift; path = Post.swift; sourceTree = "<group>"; };
		17C2E2611E93B18800764337 /* Comment.swift */ = {isa = PBXFileReference; fileEncoding = 4; lastKnownFileType = sourcecode.swift; path = Comment.swift; sourceTree = "<group>"; };
		17C2E2631E93B34700764337 /* CommentTableViewController.swift */ = {isa = PBXFileReference; fileEncoding = 4; lastKnownFileType = sourcecode.swift; path = CommentTableViewController.swift; sourceTree = "<group>"; };
		50C7089A1E8CB1E900FF2D94 /* SignUpViewController.swift */ = {isa = PBXFileReference; fileEncoding = 4; lastKnownFileType = sourcecode.swift; path = SignUpViewController.swift; sourceTree = "<group>"; };
		524BCE4312A7C1C1D6FAC355 /* Pods-instogram.debug.xcconfig */ = {isa = PBXFileReference; includeInIndex = 1; lastKnownFileType = text.xcconfig; name = "Pods-instogram.debug.xcconfig"; path = "Pods/Target Support Files/Pods-instogram/Pods-instogram.debug.xcconfig"; sourceTree = "<group>"; };
		BA574B33F7DED4743A08D5E5 /* Pods_instogram.framework */ = {isa = PBXFileReference; explicitFileType = wrapper.framework; includeInIndex = 0; path = Pods_instogram.framework; sourceTree = BUILT_PRODUCTS_DIR; };
		CDBEB78A53637C9C5299A93D /* Pods-instogram.release.xcconfig */ = {isa = PBXFileReference; includeInIndex = 1; lastKnownFileType = text.xcconfig; name = "Pods-instogram.release.xcconfig"; path = "Pods/Target Support Files/Pods-instogram/Pods-instogram.release.xcconfig"; sourceTree = "<group>"; };
/* End PBXFileReference section */

/* Begin PBXFrameworksBuildPhase section */
		17393E911E893590006DDAF9 /* Frameworks */ = {
			isa = PBXFrameworksBuildPhase;
			buildActionMask = 2147483647;
			files = (
				B5A117C67C6EAED657F12BE5 /* Pods_instogram.framework in Frameworks */,
			);
			runOnlyForDeploymentPostprocessing = 0;
		};
/* End PBXFrameworksBuildPhase section */

/* Begin PBXGroup section */
		17393E8B1E893590006DDAF9 = {
			isa = PBXGroup;
			children = (
				17393E961E893590006DDAF9 /* instogram */,
				17393E951E893590006DDAF9 /* Products */,
				82F7C817B407435BE453654A /* Frameworks */,
				9CED67EDC0DD289DE245663E /* Pods */,
			);
			sourceTree = "<group>";
		};
		17393E951E893590006DDAF9 /* Products */ = {
			isa = PBXGroup;
			children = (
				17393E941E893590006DDAF9 /* instogram.app */,
			);
			name = Products;
			sourceTree = "<group>";
		};
		17393E961E893590006DDAF9 /* instogram */ = {
			isa = PBXGroup;
			children = (
				17C2E2671E93B42200764337 /* ViewController */,
				17C2E2661E93B3DB00764337 /* Model */,
				17393EB51E9120A1006DDAF9 /* Main.storyboard */,
				17393E971E893590006DDAF9 /* AppDelegate.swift */,
				17393E9E1E893590006DDAF9 /* Assets.xcassets */,
				17393EA01E893590006DDAF9 /* LaunchScreen.storyboard */,
				17393EA31E893590006DDAF9 /* Info.plist */,
				17393EA91E893C3A006DDAF9 /* GoogleService-Info.plist */,
			);
			path = instogram;
			sourceTree = "<group>";
		};
		17C2E2661E93B3DB00764337 /* Model */ = {
			isa = PBXGroup;
			children = (
				17C2E25F1E93927700764337 /* Post.swift */,
				17C2E2611E93B18800764337 /* Comment.swift */,
			);
			name = Model;
			sourceTree = "<group>";
		};
		17C2E2671E93B42200764337 /* ViewController */ = {
			isa = PBXGroup;
			children = (
				17393EAB1E8941DF006DDAF9 /* SigninViewController.swift */,
				50C7089A1E8CB1E900FF2D94 /* SignUpViewController.swift */,
				17393EAF1E895496006DDAF9 /* MainViewController.swift */,
				17393EB11E8D2416006DDAF9 /* TakePhotoViewController.swift */,
				17393EB31E910854006DDAF9 /* DoneCaptureViewController.swift */,
				17C2E2631E93B34700764337 /* CommentTableViewController.swift */,
			);
			name = ViewController;
			sourceTree = "<group>";
		};
		82F7C817B407435BE453654A /* Frameworks */ = {
			isa = PBXGroup;
			children = (
				17393EAD1E8944CE006DDAF9 /* AdSupport.framework */,
				BA574B33F7DED4743A08D5E5 /* Pods_instogram.framework */,
			);
			name = Frameworks;
			sourceTree = "<group>";
		};
		9CED67EDC0DD289DE245663E /* Pods */ = {
			isa = PBXGroup;
			children = (
				524BCE4312A7C1C1D6FAC355 /* Pods-instogram.debug.xcconfig */,
				CDBEB78A53637C9C5299A93D /* Pods-instogram.release.xcconfig */,
			);
			name = Pods;
			sourceTree = "<group>";
		};
/* End PBXGroup section */

/* Begin PBXNativeTarget section */
		17393E931E893590006DDAF9 /* instogram */ = {
			isa = PBXNativeTarget;
			buildConfigurationList = 17393EA61E893590006DDAF9 /* Build configuration list for PBXNativeTarget "instogram" */;
			buildPhases = (
				D62E5B4219295AD4FF0A3ABF /* [CP] Check Pods Manifest.lock */,
				17393E901E893590006DDAF9 /* Sources */,
				17393E911E893590006DDAF9 /* Frameworks */,
				17393E921E893590006DDAF9 /* Resources */,
				C0746AE0834E58247C608DF4 /* [CP] Embed Pods Frameworks */,
				1FE5E2644533AC04A813E373 /* [CP] Copy Pods Resources */,
			);
			buildRules = (
			);
			dependencies = (
			);
			name = instogram;
			productName = instogram;
			productReference = 17393E941E893590006DDAF9 /* instogram.app */;
			productType = "com.apple.product-type.application";
		};
/* End PBXNativeTarget section */

/* Begin PBXProject section */
		17393E8C1E893590006DDAF9 /* Project object */ = {
			isa = PBXProject;
			attributes = {
				LastSwiftUpdateCheck = 0820;
				LastUpgradeCheck = 0820;
				ORGANIZATIONNAME = Eros;
				TargetAttributes = {
					17393E931E893590006DDAF9 = {
						CreatedOnToolsVersion = 8.2.1;
						DevelopmentTeam = 9257AB8YS3;
						ProvisioningStyle = Automatic;
					};
				};
			};
			buildConfigurationList = 17393E8F1E893590006DDAF9 /* Build configuration list for PBXProject "instogram" */;
			compatibilityVersion = "Xcode 3.2";
			developmentRegion = English;
			hasScannedForEncodings = 0;
			knownRegions = (
				en,
				Base,
			);
			mainGroup = 17393E8B1E893590006DDAF9;
			productRefGroup = 17393E951E893590006DDAF9 /* Products */;
			projectDirPath = "";
			projectRoot = "";
			targets = (
				17393E931E893590006DDAF9 /* instogram */,
			);
		};
/* End PBXProject section */

/* Begin PBXResourcesBuildPhase section */
		17393E921E893590006DDAF9 /* Resources */ = {
			isa = PBXResourcesBuildPhase;
			buildActionMask = 2147483647;
			files = (
				17393EA21E893590006DDAF9 /* LaunchScreen.storyboard in Resources */,
				17393EAA1E893C3A006DDAF9 /* GoogleService-Info.plist in Resources */,
				17393E9F1E893590006DDAF9 /* Assets.xcassets in Resources */,
				17393EB71E9120A1006DDAF9 /* Main.storyboard in Resources */,
			);
			runOnlyForDeploymentPostprocessing = 0;
		};
/* End PBXResourcesBuildPhase section */

/* Begin PBXShellScriptBuildPhase section */
		1FE5E2644533AC04A813E373 /* [CP] Copy Pods Resources */ = {
			isa = PBXShellScriptBuildPhase;
			buildActionMask = 2147483647;
			files = (
			);
			inputPaths = (
			);
			name = "[CP] Copy Pods Resources";
			outputPaths = (
			);
			runOnlyForDeploymentPostprocessing = 0;
			shellPath = /bin/sh;
			shellScript = "\"${SRCROOT}/Pods/Target Support Files/Pods-instogram/Pods-instogram-resources.sh\"\n";
			showEnvVarsInLog = 0;
		};
		C0746AE0834E58247C608DF4 /* [CP] Embed Pods Frameworks */ = {
			isa = PBXShellScriptBuildPhase;
			buildActionMask = 2147483647;
			files = (
			);
			inputPaths = (
			);
			name = "[CP] Embed Pods Frameworks";
			outputPaths = (
			);
			runOnlyForDeploymentPostprocessing = 0;
			shellPath = /bin/sh;
			shellScript = "\"${SRCROOT}/Pods/Target Support Files/Pods-instogram/Pods-instogram-frameworks.sh\"\n";
			showEnvVarsInLog = 0;
		};
		D62E5B4219295AD4FF0A3ABF /* [CP] Check Pods Manifest.lock */ = {
			isa = PBXShellScriptBuildPhase;
			buildActionMask = 2147483647;
			files = (
			);
			inputPaths = (
			);
			name = "[CP] Check Pods Manifest.lock";
			outputPaths = (
			);
			runOnlyForDeploymentPostprocessing = 0;
			shellPath = /bin/sh;
			shellScript = "diff \"${PODS_ROOT}/../Podfile.lock\" \"${PODS_ROOT}/Manifest.lock\" > /dev/null\nif [ $? != 0 ] ; then\n    # print error to STDERR\n    echo \"error: The sandbox is not in sync with the Podfile.lock. Run 'pod install' or update your CocoaPods installation.\" >&2\n    exit 1\nfi\n";
			showEnvVarsInLog = 0;
		};
/* End PBXShellScriptBuildPhase section */

/* Begin PBXSourcesBuildPhase section */
		17393E901E893590006DDAF9 /* Sources */ = {
			isa = PBXSourcesBuildPhase;
			buildActionMask = 2147483647;
			files = (
				17393EB01E895496006DDAF9 /* MainViewController.swift in Sources */,
				17393E981E893590006DDAF9 /* AppDelegate.swift in Sources */,
				50C7089B1E8CB1E900FF2D94 /* SignUpViewController.swift in Sources */,
				17C2E2601E93927700764337 /* Post.swift in Sources */,
				17393EB41E910854006DDAF9 /* DoneCaptureViewController.swift in Sources */,
				17393EAC1E8941DF006DDAF9 /* SigninViewController.swift in Sources */,
				17393EB21E8D2417006DDAF9 /* TakePhotoViewController.swift in Sources */,
				17C2E2621E93B18800764337 /* Comment.swift in Sources */,
				17C2E2641E93B34700764337 /* CommentTableViewController.swift in Sources */,
			);
			runOnlyForDeploymentPostprocessing = 0;
		};
/* End PBXSourcesBuildPhase section */

/* Begin PBXVariantGroup section */
		17393EA01E893590006DDAF9 /* LaunchScreen.storyboard */ = {
			isa = PBXVariantGroup;
			children = (
				17393EA11E893590006DDAF9 /* Base */,
			);
			name = LaunchScreen.storyboard;
			sourceTree = "<group>";
		};
		17393EB51E9120A1006DDAF9 /* Main.storyboard */ = {
			isa = PBXVariantGroup;
			children = (
				17393EB61E9120A1006DDAF9 /* Base */,
			);
			name = Main.storyboard;
			sourceTree = "<group>";
		};
/* End PBXVariantGroup section */

/* Begin XCBuildConfiguration section */
		17393EA41E893590006DDAF9 /* Debug */ = {
			isa = XCBuildConfiguration;
			buildSettings = {
				ALWAYS_SEARCH_USER_PATHS = NO;
				CLANG_ANALYZER_NONNULL = YES;
				CLANG_CXX_LANGUAGE_STANDARD = "gnu++0x";
				CLANG_CXX_LIBRARY = "libc++";
				CLANG_ENABLE_MODULES = YES;
				CLANG_ENABLE_OBJC_ARC = YES;
				CLANG_WARN_BOOL_CONVERSION = YES;
				CLANG_WARN_CONSTANT_CONVERSION = YES;
				CLANG_WARN_DIRECT_OBJC_ISA_USAGE = YES_ERROR;
				CLANG_WARN_DOCUMENTATION_COMMENTS = YES;
				CLANG_WARN_EMPTY_BODY = YES;
				CLANG_WARN_ENUM_CONVERSION = YES;
				CLANG_WARN_INFINITE_RECURSION = YES;
				CLANG_WARN_INT_CONVERSION = YES;
				CLANG_WARN_OBJC_ROOT_CLASS = YES_ERROR;
				CLANG_WARN_SUSPICIOUS_MOVE = YES;
				CLANG_WARN_UNREACHABLE_CODE = YES;
				CLANG_WARN__DUPLICATE_METHOD_MATCH = YES;
				"CODE_SIGN_IDENTITY[sdk=iphoneos*]" = "iPhone Developer";
				COPY_PHASE_STRIP = NO;
				DEBUG_INFORMATION_FORMAT = dwarf;
				ENABLE_STRICT_OBJC_MSGSEND = YES;
				ENABLE_TESTABILITY = YES;
				GCC_C_LANGUAGE_STANDARD = gnu99;
				GCC_DYNAMIC_NO_PIC = NO;
				GCC_NO_COMMON_BLOCKS = YES;
				GCC_OPTIMIZATION_LEVEL = 0;
				GCC_PREPROCESSOR_DEFINITIONS = (
					"DEBUG=1",
					"$(inherited)",
				);
				GCC_WARN_64_TO_32_BIT_CONVERSION = YES;
				GCC_WARN_ABOUT_RETURN_TYPE = YES_ERROR;
				GCC_WARN_UNDECLARED_SELECTOR = YES;
				GCC_WARN_UNINITIALIZED_AUTOS = YES_AGGRESSIVE;
				GCC_WARN_UNUSED_FUNCTION = YES;
				GCC_WARN_UNUSED_VARIABLE = YES;
				IPHONEOS_DEPLOYMENT_TARGET = 10.2;
				MTL_ENABLE_DEBUG_INFO = YES;
				ONLY_ACTIVE_ARCH = YES;
				SDKROOT = iphoneos;
				SWIFT_ACTIVE_COMPILATION_CONDITIONS = DEBUG;
				SWIFT_OPTIMIZATION_LEVEL = "-Onone";
			};
			name = Debug;
		};
		17393EA51E893590006DDAF9 /* Release */ = {
			isa = XCBuildConfiguration;
			buildSettings = {
				ALWAYS_SEARCH_USER_PATHS = NO;
				CLANG_ANALYZER_NONNULL = YES;
				CLANG_CXX_LANGUAGE_STANDARD = "gnu++0x";
				CLANG_CXX_LIBRARY = "libc++";
				CLANG_ENABLE_MODULES = YES;
				CLANG_ENABLE_OBJC_ARC = YES;
				CLANG_WARN_BOOL_CONVERSION = YES;
				CLANG_WARN_CONSTANT_CONVERSION = YES;
				CLANG_WARN_DIRECT_OBJC_ISA_USAGE = YES_ERROR;
				CLANG_WARN_DOCUMENTATION_COMMENTS = YES;
				CLANG_WARN_EMPTY_BODY = YES;
				CLANG_WARN_ENUM_CONVERSION = YES;
				CLANG_WARN_INFINITE_RECURSION = YES;
				CLANG_WARN_INT_CONVERSION = YES;
				CLANG_WARN_OBJC_ROOT_CLASS = YES_ERROR;
				CLANG_WARN_SUSPICIOUS_MOVE = YES;
				CLANG_WARN_UNREACHABLE_CODE = YES;
				CLANG_WARN__DUPLICATE_METHOD_MATCH = YES;
				"CODE_SIGN_IDENTITY[sdk=iphoneos*]" = "iPhone Developer";
				COPY_PHASE_STRIP = NO;
				DEBUG_INFORMATION_FORMAT = "dwarf-with-dsym";
				ENABLE_NS_ASSERTIONS = NO;
				ENABLE_STRICT_OBJC_MSGSEND = YES;
				GCC_C_LANGUAGE_STANDARD = gnu99;
				GCC_NO_COMMON_BLOCKS = YES;
				GCC_WARN_64_TO_32_BIT_CONVERSION = YES;
				GCC_WARN_ABOUT_RETURN_TYPE = YES_ERROR;
				GCC_WARN_UNDECLARED_SELECTOR = YES;
				GCC_WARN_UNINITIALIZED_AUTOS = YES_AGGRESSIVE;
				GCC_WARN_UNUSED_FUNCTION = YES;
				GCC_WARN_UNUSED_VARIABLE = YES;
				IPHONEOS_DEPLOYMENT_TARGET = 10.2;
				MTL_ENABLE_DEBUG_INFO = NO;
				SDKROOT = iphoneos;
				SWIFT_OPTIMIZATION_LEVEL = "-Owholemodule";
				VALIDATE_PRODUCT = YES;
			};
			name = Release;
		};
		17393EA71E893590006DDAF9 /* Debug */ = {
			isa = XCBuildConfiguration;
			baseConfigurationReference = 524BCE4312A7C1C1D6FAC355 /* Pods-instogram.debug.xcconfig */;
			buildSettings = {
				ASSETCATALOG_COMPILER_APPICON_NAME = AppIcon;
				"CODE_SIGN_IDENTITY[sdk=iphoneos*]" = "iPhone Developer";
				DEVELOPMENT_TEAM = 9257AB8YS3;
				INFOPLIST_FILE = instogram/Info.plist;
				IPHONEOS_DEPLOYMENT_TARGET = 10.0;
				LD_RUNPATH_SEARCH_PATHS = "$(inherited) @executable_path/Frameworks";
				PRODUCT_BUNDLE_IDENTIFIER = com.eros.instogram;
				PRODUCT_NAME = "$(TARGET_NAME)";
				SWIFT_VERSION = 3.0;
			};
			name = Debug;
		};
		17393EA81E893590006DDAF9 /* Release */ = {
			isa = XCBuildConfiguration;
			baseConfigurationReference = CDBEB78A53637C9C5299A93D /* Pods-instogram.release.xcconfig */;
			buildSettings = {
				ASSETCATALOG_COMPILER_APPICON_NAME = AppIcon;
				"CODE_SIGN_IDENTITY[sdk=iphoneos*]" = "iPhone Developer";
				DEVELOPMENT_TEAM = 9257AB8YS3;
				INFOPLIST_FILE = instogram/Info.plist;
				IPHONEOS_DEPLOYMENT_TARGET = 10.0;
				LD_RUNPATH_SEARCH_PATHS = "$(inherited) @executable_path/Frameworks";
				PRODUCT_BUNDLE_IDENTIFIER = com.eros.instogram;
				PRODUCT_NAME = "$(TARGET_NAME)";
				SWIFT_VERSION = 3.0;
			};
			name = Release;
		};
/* End XCBuildConfiguration section */

/* Begin XCConfigurationList section */
		17393E8F1E893590006DDAF9 /* Build configuration list for PBXProject "instogram" */ = {
			isa = XCConfigurationList;
			buildConfigurations = (
				17393EA41E893590006DDAF9 /* Debug */,
				17393EA51E893590006DDAF9 /* Release */,
			);
			defaultConfigurationIsVisible = 0;
			defaultConfigurationName = Release;
		};
		17393EA61E893590006DDAF9 /* Build configuration list for PBXNativeTarget "instogram" */ = {
			isa = XCConfigurationList;
			buildConfigurations = (
				17393EA71E893590006DDAF9 /* Debug */,
				17393EA81E893590006DDAF9 /* Release */,
			);
			defaultConfigurationIsVisible = 0;
			defaultConfigurationName = Release;
		};
/* End XCConfigurationList section */
	};
	rootObject = 17393E8C1E893590006DDAF9 /* Project object */;
}
